
Microsoft Visual Studio Solution File, Format Version 12.00
# Visual Studio Version 17
VisualStudioVersion = 17.5.33424.131
MinimumVisualStudioVersion = 10.0.40219.1
Project("{FAE04EC0-301F-11D3-BF4B-00C04F79EFBC}") = "Lesson15Lib", "Lesson15Lib\Lesson15Lib.csproj", "{C10300FB-DD96-4BF7-A154-9A5AE45CF81E}"
EndProject
Project("{FAE04EC0-301F-11D3-BF4B-00C04F79EFBC}") = "Lesson15", "Lesson15\Lesson15.csproj", "{E97F19BB-4A6F-4EBD-B240-E310919614E8}"
EndProject
Global
	GlobalSection(SolutionConfigurationPlatforms) = preSolution
		Debug|Any CPU = Debug|Any CPU
		Release|Any CPU = Release|Any CPU
	EndGlobalSection
	GlobalSection(ProjectConfigurationPlatforms) = postSolution
		{C10300FB-DD96-4BF7-A154-9A5AE45CF81E}.Debug|Any CPU.ActiveCfg = Debug|Any CPU
		{C10300FB-DD96-4BF7-A154-9A5AE45CF81E}.Debug|Any CPU.Build.0 = Debug|Any CPU
		{C10300FB-DD96-4BF7-A154-9A5AE45CF81E}.Release|Any CPU.ActiveCfg = Release|Any CPU
		{C10300FB-DD96-4BF7-A154-9A5AE45CF81E}.Release|Any CPU.Build.0 = Release|Any CPU
		{E97F19BB-4A6F-4EBD-B240-E310919614E8}.Debug|Any CPU.ActiveCfg = Debug|Any CPU
		{E97F19BB-4A6F-4EBD-B240-E310919614E8}.Debug|Any CPU.Build.0 = Debug|Any CPU
		{E97F19BB-4A6F-4EBD-B240-E310919614E8}.Release|Any CPU.ActiveCfg = Release|Any CPU
		{E97F19BB-4A6F-4EBD-B240-E310919614E8}.Release|Any CPU.Build.0 = Release|Any CPU
	EndGlobalSection
	GlobalSection(SolutionProperties) = preSolution
		HideSolutionNode = FALSE
	EndGlobalSection
	GlobalSection(ExtensibilityGlobals) = postSolution
		SolutionGuid = {EC07487B-AC4D-49EA-94DC-25116B283E01}
	EndGlobalSection
EndGlobal
