
Microsoft Visual Studio Solution File, Format Version 12.00
# Visual Studio Version 17
VisualStudioVersion = 17.5.33424.131
MinimumVisualStudioVersion = 10.0.40219.1
Project("{FAE04EC0-301F-11D3-BF4B-00C04F79EFBC}") = "Lesson14", "Lesson14\Lesson14.csproj", "{590E61FE-3B4E-4489-AB90-E81A7ED80EE3}"
EndProject
Global
	GlobalSection(SolutionConfigurationPlatforms) = preSolution
		Debug|Any CPU = Debug|Any CPU
		Release|Any CPU = Release|Any CPU
	EndGlobalSection
	GlobalSection(ProjectConfigurationPlatforms) = postSolution
		{590E61FE-3B4E-4489-AB90-E81A7ED80EE3}.Debug|Any CPU.ActiveCfg = Debug|Any CPU
		{590E61FE-3B4E-4489-AB90-E81A7ED80EE3}.Debug|Any CPU.Build.0 = Debug|Any CPU
		{590E61FE-3B4E-4489-AB90-E81A7ED80EE3}.Release|Any CPU.ActiveCfg = Release|Any CPU
		{590E61FE-3B4E-4489-AB90-E81A7ED80EE3}.Release|Any CPU.Build.0 = Release|Any CPU
	EndGlobalSection
	GlobalSection(SolutionProperties) = preSolution
		HideSolutionNode = FALSE
	EndGlobalSection
	GlobalSection(ExtensibilityGlobals) = postSolution
		SolutionGuid = {EC07487B-AC4D-49EA-94DC-25116B283E01}
	EndGlobalSection
EndGlobal
